
Microsoft Visual Studio Solution File, Format Version 12.00
# Visual Studio Version 17
VisualStudioVersion = 17.4.33027.239
MinimumVisualStudioVersion = 10.0.40219.1
Project("{FAE04EC0-301F-11D3-BF4B-00C04F79EFBC}") = "winform_asgmt_pos", "winform_asgmt_pos.csproj", "{8089C6B6-BCAB-4EF3-9DC2-633243E195C5}"
EndProject
Global
	GlobalSection(SolutionConfigurationPlatforms) = preSolution
		Debug|Any CPU = Debug|Any CPU
		Release|Any CPU = Release|Any CPU
	EndGlobalSection
	GlobalSection(ProjectConfigurationPlatforms) = postSolution
		{8089C6B6-BCAB-4EF3-9DC2-633243E195C5}.Debug|Any CPU.ActiveCfg = Debug|Any CPU
		{8089C6B6-BCAB-4EF3-9DC2-633243E195C5}.Debug|Any CPU.Build.0 = Debug|Any CPU
		{8089C6B6-BCAB-4EF3-9DC2-633243E195C5}.Release|Any CPU.ActiveCfg = Release|Any CPU
		{8089C6B6-BCAB-4EF3-9DC2-633243E195C5}.Release|Any CPU.Build.0 = Release|Any CPU
	EndGlobalSection
	GlobalSection(SolutionProperties) = preSolution
		HideSolutionNode = FALSE
	EndGlobalSection
	GlobalSection(ExtensibilityGlobals) = postSolution
		SolutionGuid = {FC724065-0BC2-4904-82B7-FFC3AB1578B4}
	EndGlobalSection
EndGlobal
